
Microsoft Visual Studio Solution File, Format Version 12.00
# Visual Studio 15
VisualStudioVersion = 15.0.27428.2015
MinimumVisualStudioVersion = 10.0.40219.1
Project("{FAE04EC0-301F-11D3-BF4B-00C04F79EFBC}") = "proejto-teste", "proejto-teste\proejto-teste.csproj", "{5C54D92F-46C0-4ACA-8DA6-FBE93730696C}"
EndProject
Global
	GlobalSection(SolutionConfigurationPlatforms) = preSolution
		Debug|Any CPU = Debug|Any CPU
		Release|Any CPU = Release|Any CPU
	EndGlobalSection
	GlobalSection(ProjectConfigurationPlatforms) = postSolution
		{5C54D92F-46C0-4ACA-8DA6-FBE93730696C}.Debug|Any CPU.ActiveCfg = Debug|Any CPU
		{5C54D92F-46C0-4ACA-8DA6-FBE93730696C}.Debug|Any CPU.Build.0 = Debug|Any CPU
		{5C54D92F-46C0-4ACA-8DA6-FBE93730696C}.Release|Any CPU.ActiveCfg = Release|Any CPU
		{5C54D92F-46C0-4ACA-8DA6-FBE93730696C}.Release|Any CPU.Build.0 = Release|Any CPU
	EndGlobalSection
	GlobalSection(SolutionProperties) = preSolution
		HideSolutionNode = FALSE
	EndGlobalSection
	GlobalSection(ExtensibilityGlobals) = postSolution
		SolutionGuid = {FBB56751-5689-4EE1-AEE4-F071F779F612}
	EndGlobalSection
EndGlobal
